<Solution>
  <Folder Name="/src/">
    <Project Path="src/Auth.Api/Auth.Api.csproj" />
    <Project Path="src/Auth.Application/Auth.Application.csproj" />
    <Project Path="src/Auth.Domain/Auth.Domain.csproj" />
    <Project Path="src/Auth.Infrastructure/Auth.Infrastructure.csproj" />
  </Folder>
  <Folder Name="/tests/">
    <Project Path="tests/Auth.IntegrationTests/Auth.IntegrationTests.csproj" />
    <Project Path="tests/Auth.UnitTests/Auth.UnitTests.csproj" />
  </Folder>
</Solution>
